
Microsoft Visual Studio Solution File, Format Version 12.00
# Visual Studio Version 17
VisualStudioVersion = 17.0.31919.166
MinimumVisualStudioVersion = 10.0.40219.1
Project("{FAE04EC0-301F-11D3-BF4B-00C04F79EFBC}") = "InfluxDb", "InfluxDb\InfluxDb.csproj", "{A530BF24-F8CD-4E6D-AF75-FD6B49A04425}"
EndProject
Global
	GlobalSection(SolutionConfigurationPlatforms) = preSolution
		Debug|Any CPU = Debug|Any CPU
		Release|Any CPU = Release|Any CPU
	EndGlobalSection
	GlobalSection(ProjectConfigurationPlatforms) = postSolution
		{A530BF24-F8CD-4E6D-AF75-FD6B49A04425}.Debug|Any CPU.ActiveCfg = Debug|Any CPU
		{A530BF24-F8CD-4E6D-AF75-FD6B49A04425}.Debug|Any CPU.Build.0 = Debug|Any CPU
		{A530BF24-F8CD-4E6D-AF75-FD6B49A04425}.Release|Any CPU.ActiveCfg = Release|Any CPU
		{A530BF24-F8CD-4E6D-AF75-FD6B49A04425}.Release|Any CPU.Build.0 = Release|Any CPU
	EndGlobalSection
	GlobalSection(SolutionProperties) = preSolution
		HideSolutionNode = FALSE
	EndGlobalSection
	GlobalSection(ExtensibilityGlobals) = postSolution
		SolutionGuid = {EB41120D-0E7D-4259-A2BA-3918677C71D4}
	EndGlobalSection
EndGlobal
